
Microsoft Visual Studio Solution File, Format Version 12.00
# Visual Studio 2012
Project("{8BC9CEB8-8B4A-11D0-8D11-00A0C91BC942}") = "pg_database", "pg_database.vcxproj", "{E53FF6F2-A4B5-44D2-B6B8-AD6C55A46E11}"
EndProject
Global
	GlobalSection(SolutionConfigurationPlatforms) = preSolution
		Debug|Win32 = Debug|Win32
		Debug|x64 = Debug|x64
		Release|Win32 = Release|Win32
		Release|x64 = Release|x64
	EndGlobalSection
	GlobalSection(ProjectConfigurationPlatforms) = postSolution
		{E53FF6F2-A4B5-44D2-B6B8-AD6C55A46E11}.Debug|Win32.ActiveCfg = Debug|Win32
		{E53FF6F2-A4B5-44D2-B6B8-AD6C55A46E11}.Debug|Win32.Build.0 = Debug|Win32
		{E53FF6F2-A4B5-44D2-B6B8-AD6C55A46E11}.Debug|x64.ActiveCfg = Debug|x64
		{E53FF6F2-A4B5-44D2-B6B8-AD6C55A46E11}.Debug|x64.Build.0 = Debug|x64
		{E53FF6F2-A4B5-44D2-B6B8-AD6C55A46E11}.Release|Win32.ActiveCfg = Release|Win32
		{E53FF6F2-A4B5-44D2-B6B8-AD6C55A46E11}.Release|Win32.Build.0 = Release|Win32
		{E53FF6F2-A4B5-44D2-B6B8-AD6C55A46E11}.Release|x64.ActiveCfg = Release|x64
		{E53FF6F2-A4B5-44D2-B6B8-AD6C55A46E11}.Release|x64.Build.0 = Release|x64
	EndGlobalSection
	GlobalSection(SolutionProperties) = preSolution
		HideSolutionNode = FALSE
	EndGlobalSection
EndGlobal
