<?xml version="1.0" encoding="utf-8"?>
<Project ToolsVersion="4.0" xmlns="http://schemas.microsoft.com/developer/msbuild/2003">
  <ItemGroup>
    <Filter Include="소스 파일">
      <UniqueIdentifier>{4FC737F1-C7A5-4376-A066-2A32D752A2FF}</UniqueIdentifier>
      <Extensions>cpp;c;cc;cxx;def;odl;idl;hpj;bat;asm;asmx</Extensions>
    </Filter>
    <Filter Include="헤더 파일">
      <UniqueIdentifier>{93995380-89BD-4b04-88EB-625FBE52EBFB}</UniqueIdentifier>
      <Extensions>h;hpp;hxx;hm;inl;inc;xsd</Extensions>
    </Filter>
    <Filter Include="리소스 파일">
      <UniqueIdentifier>{67DA6AB6-F800-4c08-8B7A-83BB121AAD01}</UniqueIdentifier>
      <Extensions>rc;ico;cur;bmp;dlg;rc2;rct;bin;rgs;gif;jpg;jpeg;jpe;resx;tiff;tif;png;wav;mfcribbon-ms</Extensions>
    </Filter>
    <Filter Include="Master">
      <UniqueIdentifier>{26958871-61b6-4eff-a355-a4f8470a9ea9}</UniqueIdentifier>
    </Filter>
    <Filter Include="Gateway">
      <UniqueIdentifier>{eebe51b1-c497-4a3f-b8a1-c02100f9fa87}</UniqueIdentifier>
    </Filter>
    <Filter Include="Channel">
      <UniqueIdentifier>{c3184411-0fda-467c-8ceb-b821d4acbe7c}</UniqueIdentifier>
    </Filter>
  </ItemGroup>
  <ItemGroup>
    <Text Include="ReadMe.txt" />
    <Text Include="인증절차.txt" />
  </ItemGroup>
  <ItemGroup>
    <ClInclude Include="stdafx.h">
      <Filter>헤더 파일</Filter>
    </ClInclude>
    <ClInclude Include="targetver.h">
      <Filter>헤더 파일</Filter>
    </ClInclude>
    <ClInclude Include="QueryAbstract.h">
      <Filter>헤더 파일</Filter>
    </ClInclude>
    <ClInclude Include="Session.h">
      <Filter>헤더 파일</Filter>
    </ClInclude>
    <ClInclude Include="SessionMgr.h">
      <Filter>헤더 파일</Filter>
    </ClInclude>
    <ClInclude Include="AuthKey.h">
      <Filter>헤더 파일</Filter>
    </ClInclude>
    <ClInclude Include="VersionNum.h">
      <Filter>헤더 파일</Filter>
    </ClInclude>
    <ClInclude Include="AAA.h">
      <Filter>헤더 파일</Filter>
    </ClInclude>
    <ClInclude Include="AAA2ClientProtocol.h">
      <Filter>헤더 파일</Filter>
    </ClInclude>
    <ClInclude Include="AAATypes.h">
      <Filter>헤더 파일</Filter>
    </ClInclude>
    <ClInclude Include="AAAConst.h">
      <Filter>헤더 파일</Filter>
    </ClInclude>
    <ClInclude Include="AAAUtil.h">
      <Filter>헤더 파일</Filter>
    </ClInclude>
    <ClInclude Include="Gateway2ClientHandler.h">
      <Filter>Gateway</Filter>
    </ClInclude>
    <ClInclude Include="Gateway2MasterHandler.h">
      <Filter>Gateway</Filter>
    </ClInclude>
    <ClInclude Include="Master2GatewayHandler.h">
      <Filter>Master</Filter>
    </ClInclude>
    <ClInclude Include="Gateway2ChannelHandler.h">
      <Filter>Gateway</Filter>
    </ClInclude>
    <ClInclude Include="Channel2GatewayHandler.h">
      <Filter>Channel</Filter>
    </ClInclude>
    <ClInclude Include="GatewayMgr.h">
      <Filter>헤더 파일</Filter>
    </ClInclude>
    <ClInclude Include="AAAServerProtocol.h">
      <Filter>헤더 파일</Filter>
    </ClInclude>
    <ClInclude Include="MasterMgr.h">
      <Filter>헤더 파일</Filter>
    </ClInclude>
    <ClInclude Include="ChannelMgr.h">
      <Filter>헤더 파일</Filter>
    </ClInclude>
  </ItemGroup>
  <ItemGroup>
    <ClCompile Include="stdafx.cpp">
      <Filter>소스 파일</Filter>
    </ClCompile>
    <ClCompile Include="AuthKey.cpp">
      <Filter>소스 파일</Filter>
    </ClCompile>
    <ClCompile Include="Session.cpp">
      <Filter>소스 파일</Filter>
    </ClCompile>
    <ClCompile Include="SessionMgr.cpp">
      <Filter>소스 파일</Filter>
    </ClCompile>
    <ClCompile Include="Gateway2ClientHandler.cpp">
      <Filter>Gateway</Filter>
    </ClCompile>
    <ClCompile Include="Gateway2MasterHandler.cpp">
      <Filter>Gateway</Filter>
    </ClCompile>
    <ClCompile Include="Master2GatewayHandler.cpp">
      <Filter>Master</Filter>
    </ClCompile>
    <ClCompile Include="Gateway2ChannelHandler.cpp">
      <Filter>Gateway</Filter>
    </ClCompile>
    <ClCompile Include="Channel2GatewayHandler.cpp">
      <Filter>Channel</Filter>
    </ClCompile>
    <ClCompile Include="GatewayMgr.cpp">
      <Filter>소스 파일</Filter>
    </ClCompile>
    <ClCompile Include="AAAServerProtocol.cpp">
      <Filter>소스 파일</Filter>
    </ClCompile>
    <ClCompile Include="MasterMgr.cpp">
      <Filter>소스 파일</Filter>
    </ClCompile>
    <ClCompile Include="ChannelMgr.cpp">
      <Filter>소스 파일</Filter>
    </ClCompile>
  </ItemGroup>
</Project>