<?xml version="1.0" encoding="utf-8"?>
<Project ToolsVersion="4.0" xmlns="http://schemas.microsoft.com/developer/msbuild/2003">
  <ItemGroup>
    <Filter Include="소스 파일">
      <UniqueIdentifier>{4FC737F1-C7A5-4376-A066-2A32D752A2FF}</UniqueIdentifier>
      <Extensions>cpp;c;cc;cxx;def;odl;idl;hpj;bat;asm;asmx</Extensions>
    </Filter>
    <Filter Include="헤더 파일">
      <UniqueIdentifier>{93995380-89BD-4b04-88EB-625FBE52EBFB}</UniqueIdentifier>
      <Extensions>h;hpp;hxx;hm;inl;inc;xsd</Extensions>
    </Filter>
    <Filter Include="리소스 파일">
      <UniqueIdentifier>{67DA6AB6-F800-4c08-8B7A-83BB121AAD01}</UniqueIdentifier>
      <Extensions>rc;ico;cur;bmp;dlg;rc2;rct;bin;rgs;gif;jpg;jpeg;jpe;resx;tiff;tif;png;wav</Extensions>
    </Filter>
  </ItemGroup>
  <ItemGroup>
    <ClCompile Include="DiagramStream.cpp">
      <Filter>소스 파일</Filter>
    </ClCompile>
    <ClCompile Include="NetLinkManager.cpp">
      <Filter>소스 파일</Filter>
    </ClCompile>
    <ClCompile Include="NetPc.cpp">
      <Filter>소스 파일</Filter>
    </ClCompile>
    <ClCompile Include="NetPcManager.cpp">
      <Filter>소스 파일</Filter>
    </ClCompile>
    <ClCompile Include="P2PAgentFactory.cpp">
      <Filter>소스 파일</Filter>
    </ClCompile>
    <ClCompile Include="Pc.cpp">
      <Filter>소스 파일</Filter>
    </ClCompile>
    <ClCompile Include="stdafx.cpp">
      <Filter>소스 파일</Filter>
    </ClCompile>
  </ItemGroup>
  <ItemGroup>
    <ClInclude Include="DiagramStream.h">
      <Filter>헤더 파일</Filter>
    </ClInclude>
    <ClInclude Include="NetLinkManager.h">
      <Filter>헤더 파일</Filter>
    </ClInclude>
    <ClInclude Include="NetPc.h">
      <Filter>헤더 파일</Filter>
    </ClInclude>
    <ClInclude Include="NetPcManager.h">
      <Filter>헤더 파일</Filter>
    </ClInclude>
    <ClInclude Include="P2PPkt.h">
      <Filter>헤더 파일</Filter>
    </ClInclude>
    <ClInclude Include="Pc.h">
      <Filter>헤더 파일</Filter>
    </ClInclude>
    <ClInclude Include="PktTransmit.h">
      <Filter>헤더 파일</Filter>
    </ClInclude>
    <ClInclude Include="stdafx.h">
      <Filter>헤더 파일</Filter>
    </ClInclude>
    <ClInclude Include="targetver.h">
      <Filter>헤더 파일</Filter>
    </ClInclude>
  </ItemGroup>
</Project>